
Microsoft Visual Studio Solution File, Format Version 12.00
# Visual Studio Version 17
VisualStudioVersion = 17.7.34221.43
MinimumVisualStudioVersion = 10.0.40219.1
Project("{9A19103F-16F7-4668-BE54-9A1E7A4F7556}") = "Restaurant.Server", "Restaurant\Server\Restaurant.Server.csproj", "{36223955-02DB-4928-9536-E85FEDA22480}"
EndProject
Project("{9A19103F-16F7-4668-BE54-9A1E7A4F7556}") = "Restaurant.Client", "Restaurant\Client\Restaurant.Client.csproj", "{ADF07AC3-2380-4C82-8A01-6AD05EB83E6C}"
EndProject
Project("{9A19103F-16F7-4668-BE54-9A1E7A4F7556}") = "Restaurant.Shared", "Restaurant\Shared\Restaurant.Shared.csproj", "{34A00F6E-09D1-4CB0-B6CD-181246122EAE}"
EndProject
Global
	GlobalSection(SolutionConfigurationPlatforms) = preSolution
		Debug|Any CPU = Debug|Any CPU
		Release|Any CPU = Release|Any CPU
	EndGlobalSection
	GlobalSection(ProjectConfigurationPlatforms) = postSolution
		{36223955-02DB-4928-9536-E85FEDA22480}.Debug|Any CPU.ActiveCfg = Debug|Any CPU
		{36223955-02DB-4928-9536-E85FEDA22480}.Debug|Any CPU.Build.0 = Debug|Any CPU
		{36223955-02DB-4928-9536-E85FEDA22480}.Release|Any CPU.ActiveCfg = Release|Any CPU
		{36223955-02DB-4928-9536-E85FEDA22480}.Release|Any CPU.Build.0 = Release|Any CPU
		{ADF07AC3-2380-4C82-8A01-6AD05EB83E6C}.Debug|Any CPU.ActiveCfg = Debug|Any CPU
		{ADF07AC3-2380-4C82-8A01-6AD05EB83E6C}.Debug|Any CPU.Build.0 = Debug|Any CPU
		{ADF07AC3-2380-4C82-8A01-6AD05EB83E6C}.Release|Any CPU.ActiveCfg = Release|Any CPU
		{ADF07AC3-2380-4C82-8A01-6AD05EB83E6C}.Release|Any CPU.Build.0 = Release|Any CPU
		{34A00F6E-09D1-4CB0-B6CD-181246122EAE}.Debug|Any CPU.ActiveCfg = Debug|Any CPU
		{34A00F6E-09D1-4CB0-B6CD-181246122EAE}.Debug|Any CPU.Build.0 = Debug|Any CPU
		{34A00F6E-09D1-4CB0-B6CD-181246122EAE}.Release|Any CPU.ActiveCfg = Release|Any CPU
		{34A00F6E-09D1-4CB0-B6CD-181246122EAE}.Release|Any CPU.Build.0 = Release|Any CPU
	EndGlobalSection
	GlobalSection(SolutionProperties) = preSolution
		HideSolutionNode = FALSE
	EndGlobalSection
	GlobalSection(ExtensibilityGlobals) = postSolution
		SolutionGuid = {66261DA1-FE95-4098-89B2-48E4584ED0B4}
	EndGlobalSection
EndGlobal
